
Microsoft Visual Studio Solution File, Format Version 12.00
# Visual Studio Version 17
VisualStudioVersion = 17.7.34221.43
MinimumVisualStudioVersion = 10.0.40219.1
Project("{8BC9CEB8-8B4A-11D0-8D11-00A0C91BC942}") = "02_QtEvent", "02_QtEvent.vcxproj", "{318E4E2F-1D5C-4498-A244-9FD238B527F5}"
EndProject
Global
	GlobalSection(SolutionConfigurationPlatforms) = preSolution
		Debug|x64 = Debug|x64
		Release|x64 = Release|x64
	EndGlobalSection
	GlobalSection(ProjectConfigurationPlatforms) = postSolution
		{318E4E2F-1D5C-4498-A244-9FD238B527F5}.Debug|x64.ActiveCfg = Debug|x64
		{318E4E2F-1D5C-4498-A244-9FD238B527F5}.Debug|x64.Build.0 = Debug|x64
		{318E4E2F-1D5C-4498-A244-9FD238B527F5}.Release|x64.ActiveCfg = Release|x64
		{318E4E2F-1D5C-4498-A244-9FD238B527F5}.Release|x64.Build.0 = Release|x64
	EndGlobalSection
	GlobalSection(SolutionProperties) = preSolution
		HideSolutionNode = FALSE
	EndGlobalSection
	GlobalSection(ExtensibilityGlobals) = postSolution
		SolutionGuid = {E83381E7-04C7-4AC8-B874-87958DAB7AEA}
	EndGlobalSection
EndGlobal
