
Microsoft Visual Studio Solution File, Format Version 12.00
# Visual Studio Version 17
VisualStudioVersion = 17.7.34221.43
MinimumVisualStudioVersion = 10.0.40219.1
Project("{8BC9CEB8-8B4A-11D0-8D11-00A0C91BC942}") = "机房预约系统", "机房预约系统\机房预约系统.vcxproj", "{E28CD9C5-7399-4A40-B851-4C839B11EDEC}"
EndProject
Global
	GlobalSection(SolutionConfigurationPlatforms) = preSolution
		Debug|x64 = Debug|x64
		Debug|x86 = Debug|x86
		Release|x64 = Release|x64
		Release|x86 = Release|x86
	EndGlobalSection
	GlobalSection(ProjectConfigurationPlatforms) = postSolution
		{E28CD9C5-7399-4A40-B851-4C839B11EDEC}.Debug|x64.ActiveCfg = Debug|x64
		{E28CD9C5-7399-4A40-B851-4C839B11EDEC}.Debug|x64.Build.0 = Debug|x64
		{E28CD9C5-7399-4A40-B851-4C839B11EDEC}.Debug|x86.ActiveCfg = Debug|Win32
		{E28CD9C5-7399-4A40-B851-4C839B11EDEC}.Debug|x86.Build.0 = Debug|Win32
		{E28CD9C5-7399-4A40-B851-4C839B11EDEC}.Release|x64.ActiveCfg = Release|x64
		{E28CD9C5-7399-4A40-B851-4C839B11EDEC}.Release|x64.Build.0 = Release|x64
		{E28CD9C5-7399-4A40-B851-4C839B11EDEC}.Release|x86.ActiveCfg = Release|Win32
		{E28CD9C5-7399-4A40-B851-4C839B11EDEC}.Release|x86.Build.0 = Release|Win32
	EndGlobalSection
	GlobalSection(SolutionProperties) = preSolution
		HideSolutionNode = FALSE
	EndGlobalSection
	GlobalSection(ExtensibilityGlobals) = postSolution
		SolutionGuid = {76653AF8-7665-46B5-9132-565DBA1648F0}
	EndGlobalSection
EndGlobal
